
Microsoft Visual Studio Solution File, Format Version 12.00
# Visual Studio Version 16
VisualStudioVersion = 16.0.30523.141
MinimumVisualStudioVersion = 10.0.40219.1
Project("{FAE04EC0-301F-11D3-BF4B-00C04F79EFBC}") = "QL cửa hàng sách", "QL cửa hàng sách\QL cửa hàng sách.csproj", "{3311EC66-7F57-4483-B516-F8CBA41531D8}"
EndProject
Global
	GlobalSection(SolutionConfigurationPlatforms) = preSolution
		Debug|Any CPU = Debug|Any CPU
		Release|Any CPU = Release|Any CPU
	EndGlobalSection
	GlobalSection(ProjectConfigurationPlatforms) = postSolution
		{3311EC66-7F57-4483-B516-F8CBA41531D8}.Debug|Any CPU.ActiveCfg = Debug|Any CPU
		{3311EC66-7F57-4483-B516-F8CBA41531D8}.Debug|Any CPU.Build.0 = Debug|Any CPU
		{3311EC66-7F57-4483-B516-F8CBA41531D8}.Release|Any CPU.ActiveCfg = Release|Any CPU
		{3311EC66-7F57-4483-B516-F8CBA41531D8}.Release|Any CPU.Build.0 = Release|Any CPU
	EndGlobalSection
	GlobalSection(SolutionProperties) = preSolution
		HideSolutionNode = FALSE
	EndGlobalSection
	GlobalSection(ExtensibilityGlobals) = postSolution
		SolutionGuid = {C51A724D-7E09-496F-BB5E-393F7262F740}
	EndGlobalSection
EndGlobal
